// !$*UTF8*$!
{
	archiveVersion = 1;
	classes = {
	};
	objectVersion = 77;
	objects = {

/* Begin PBXContainerItemProxy section */
		15ADAD402D9A0F6B00011238 /* PBXContainerItemProxy */ = {
			isa = PBXContainerItemProxy;
			containerPortal = 15ADAD1E2D9A0F6900011238 /* Project object */;
			proxyType = 1;
			remoteGlobalIDString = 15ADAD252D9A0F6900011238;
			remoteInfo = "A2_iOS_ Nilam_101456610";
		};
		15ADAD4A2D9A0F6B00011238 /* PBXContainerItemProxy */ = {
			isa = PBXContainerItemProxy;
			containerPortal = 15ADAD1E2D9A0F6900011238 /* Project object */;
			proxyType = 1;
			remoteGlobalIDString = 15ADAD252D9A0F6900011238;
			remoteInfo = "A2_iOS_ Nilam_101456610";
		};
/* End PBXContainerItemProxy section */

/* Begin PBXFileReference section */
		15ADAD262D9A0F6900011238 /* A2_iOS_ Nilam_101456610.app */ = {isa = PBXFileReference; explicitFileType = wrapper.application; includeInIndex = 0; path = "A2_iOS_ Nilam_101456610.app"; sourceTree = BUILT_PRODUCTS_DIR; };
		15ADAD3F2D9A0F6B00011238 /* A2_iOS_ Nilam_101456610Tests.xctest */ = {isa = PBXFileReference; explicitFileType = wrapper.cfbundle; includeInIndex = 0; path = "A2_iOS_ Nilam_101456610Tests.xctest"; sourceTree = BUILT_PRODUCTS_DIR; };
		15ADAD492D9A0F6B00011238 /* A2_iOS_ Nilam_101456610UITests.xctest */ = {isa = PBXFileReference; explicitFileType = wrapper.cfbundle; includeInIndex = 0; path = "A2_iOS_ Nilam_101456610UITests.xctest"; sourceTree = BUILT_PRODUCTS_DIR; };
/* End PBXFileReference section */

/* Begin PBXFileSystemSynchronizedBuildFileExceptionSet section */
		15ADAD512D9A0F6B00011238 /* Exceptions for "A2_iOS_ Nilam_101456610" folder in "A2_iOS_ Nilam_101456610" target */ = {
			isa = PBXFileSystemSynchronizedBuildFileExceptionSet;
			membershipExceptions = (
				Info.plist,
			);
			target = 15ADAD252D9A0F6900011238 /* A2_iOS_ Nilam_101456610 */;
		};
/* End PBXFileSystemSynchronizedBuildFileExceptionSet section */

/* Begin PBXFileSystemSynchronizedRootGroup section */
		15ADAD282D9A0F6900011238 /* A2_iOS_ Nilam_101456610 */ = {
			isa = PBXFileSystemSynchronizedRootGroup;
			exceptions = (
				15ADAD512D9A0F6B00011238 /* Exceptions for "A2_iOS_ Nilam_101456610" folder in "A2_iOS_ Nilam_101456610" target */,
			);
			path = "A2_iOS_ Nilam_101456610";
			sourceTree = "<group>";
		};
		15ADAD422D9A0F6B00011238 /* A2_iOS_ Nilam_101456610Tests */ = {
			isa = PBXFileSystemSynchronizedRootGroup;
			path = "A2_iOS_ Nilam_101456610Tests";
			sourceTree = "<group>";
		};
		15ADAD4C2D9A0F6B00011238 /* A2_iOS_ Nilam_101456610UITests */ = {
			isa = PBXFileSystemSynchronizedRootGroup;
			path = "A2_iOS_ Nilam_101456610UITests";
			sourceTree = "<group>";
		};
/* End PBXFileSystemSynchronizedRootGroup section */

/* Begin PBXFrameworksBuildPhase section */
		15ADAD232D9A0F6900011238 /* Frameworks */ = {
			isa = PBXFrameworksBuildPhase;
			buildActionMask = 2147483647;
			files = (
			);
			runOnlyForDeploymentPostprocessing = 0;
		};
		15ADAD3C2D9A0F6B00011238 /* Frameworks */ = {
			isa = PBXFrameworksBuildPhase;
			buildActionMask = 2147483647;
			files = (
			);
			runOnlyForDeploymentPostprocessing = 0;
		};
		15ADAD462D9A0F6B00011238 /* Frameworks */ = {
			isa = PBXFrameworksBuildPhase;
			buildActionMask = 2147483647;
			files = (
			);
			runOnlyForDeploymentPostprocessing = 0;
		};
/* End PBXFrameworksBuildPhase section */

/* Begin PBXGroup section */
		15ADAD1D2D9A0F6900011238 = {
			isa = PBXGroup;
			children = (
				15ADAD282D9A0F6900011238 /* A2_iOS_ Nilam_101456610 */,
				15ADAD422D9A0F6B00011238 /* A2_iOS_ Nilam_101456610Tests */,
				15ADAD4C2D9A0F6B00011238 /* A2_iOS_ Nilam_101456610UITests */,
				15ADAD272D9A0F6900011238 /* Products */,
			);
			sourceTree = "<group>";
		};
		15ADAD272D9A0F6900011238 /* Products */ = {
			isa = PBXGroup;
			children = (
				15ADAD262D9A0F6900011238 /* A2_iOS_ Nilam_101456610.app */,
				15ADAD3F2D9A0F6B00011238 /* A2_iOS_ Nilam_101456610Tests.xctest */,
				15ADAD492D9A0F6B00011238 /* A2_iOS_ Nilam_101456610UITests.xctest */,
			);
			name = Products;
			sourceTree = "<group>";
		};
/* End PBXGroup section */

/* Begin PBXNativeTarget section */
		15ADAD252D9A0F6900011238 /* A2_iOS_ Nilam_101456610 */ = {
			isa = PBXNativeTarget;
			buildConfigurationList = 15ADAD522D9A0F6B00011238 /* Build configuration list for PBXNativeTarget "A2_iOS_ Nilam_101456610" */;
			buildPhases = (
				15ADAD222D9A0F6900011238 /* Sources */,
				15ADAD232D9A0F6900011238 /* Frameworks */,
				15ADAD242D9A0F6900011238 /* Resources */,
			);
			buildRules = (
			);
			dependencies = (
			);
			fileSystemSynchronizedGroups = (
				15ADAD282D9A0F6900011238 /* A2_iOS_ Nilam_101456610 */,
			);
			name = "A2_iOS_ Nilam_101456610";
			packageProductDependencies = (
			);
			productName = "A2_iOS_ Nilam_101456610";
			productReference = 15ADAD262D9A0F6900011238 /* A2_iOS_ Nilam_101456610.app */;
			productType = "com.apple.product-type.application";
		};
		15ADAD3E2D9A0F6B00011238 /* A2_iOS_ Nilam_101456610Tests */ = {
			isa = PBXNativeTarget;
			buildConfigurationList = 15ADAD572D9A0F6B00011238 /* Build configuration list for PBXNativeTarget "A2_iOS_ Nilam_101456610Tests" */;
			buildPhases = (
				15ADAD3B2D9A0F6B00011238 /* Sources */,
				15ADAD3C2D9A0F6B00011238 /* Frameworks */,
				15ADAD3D2D9A0F6B00011238 /* Resources */,
			);
			buildRules = (
			);
			dependencies = (
				15ADAD412D9A0F6B00011238 /* PBXTargetDependency */,
			);
			fileSystemSynchronizedGroups = (
				15ADAD422D9A0F6B00011238 /* A2_iOS_ Nilam_101456610Tests */,
			);
			name = "A2_iOS_ Nilam_101456610Tests";
			packageProductDependencies = (
			);
			productName = "A2_iOS_ Nilam_101456610Tests";
			productReference = 15ADAD3F2D9A0F6B00011238 /* A2_iOS_ Nilam_101456610Tests.xctest */;
			productType = "com.apple.product-type.bundle.unit-test";
		};
		15ADAD482D9A0F6B00011238 /* A2_iOS_ Nilam_101456610UITests */ = {
			isa = PBXNativeTarget;
			buildConfigurationList = 15ADAD5A2D9A0F6B00011238 /* Build configuration list for PBXNativeTarget "A2_iOS_ Nilam_101456610UITests" */;
			buildPhases = (
				15ADAD452D9A0F6B00011238 /* Sources */,
				15ADAD462D9A0F6B00011238 /* Frameworks */,
				15ADAD472D9A0F6B00011238 /* Resources */,
			);
			buildRules = (
			);
			dependencies = (
				15ADAD4B2D9A0F6B00011238 /* PBXTargetDependency */,
			);
			fileSystemSynchronizedGroups = (
				15ADAD4C2D9A0F6B00011238 /* A2_iOS_ Nilam_101456610UITests */,
			);
			name = "A2_iOS_ Nilam_101456610UITests";
			packageProductDependencies = (
			);
			productName = "A2_iOS_ Nilam_101456610UITests";
			productReference = 15ADAD492D9A0F6B00011238 /* A2_iOS_ Nilam_101456610UITests.xctest */;
			productType = "com.apple.product-type.bundle.ui-testing";
		};
/* End PBXNativeTarget section */

/* Begin PBXProject section */
		15ADAD1E2D9A0F6900011238 /* Project object */ = {
			isa = PBXProject;
			attributes = {
				BuildIndependentTargetsInParallel = 1;
				LastSwiftUpdateCheck = 1620;
				LastUpgradeCheck = 1620;
				TargetAttributes = {
					15ADAD252D9A0F6900011238 = {
						CreatedOnToolsVersion = 16.2;
					};
					15ADAD3E2D9A0F6B00011238 = {
						CreatedOnToolsVersion = 16.2;
						TestTargetID = 15ADAD252D9A0F6900011238;
					};
					15ADAD482D9A0F6B00011238 = {
						CreatedOnToolsVersion = 16.2;
						TestTargetID = 15ADAD252D9A0F6900011238;
					};
				};
			};
			buildConfigurationList = 15ADAD212D9A0F6900011238 /* Build configuration list for PBXProject "A2_iOS_ Nilam_101456610" */;
			developmentRegion = en;
			hasScannedForEncodings = 0;
			knownRegions = (
				en,
				Base,
			);
			mainGroup = 15ADAD1D2D9A0F6900011238;
			minimizedProjectReferenceProxies = 1;
			preferredProjectObjectVersion = 77;
			productRefGroup = 15ADAD272D9A0F6900011238 /* Products */;
			projectDirPath = "";
			projectRoot = "";
			targets = (
				15ADAD252D9A0F6900011238 /* A2_iOS_ Nilam_101456610 */,
				15ADAD3E2D9A0F6B00011238 /* A2_iOS_ Nilam_101456610Tests */,
				15ADAD482D9A0F6B00011238 /* A2_iOS_ Nilam_101456610UITests */,
			);
		};
/* End PBXProject section */

/* Begin PBXResourcesBuildPhase section */
		15ADAD242D9A0F6900011238 /* Resources */ = {
			isa = PBXResourcesBuildPhase;
			buildActionMask = 2147483647;
			files = (
			);
			runOnlyForDeploymentPostprocessing = 0;
		};
		15ADAD3D2D9A0F6B00011238 /* Resources */ = {
			isa = PBXResourcesBuildPhase;
			buildActionMask = 2147483647;
			files = (
			);
			runOnlyForDeploymentPostprocessing = 0;
		};
		15ADAD472D9A0F6B00011238 /* Resources */ = {
			isa = PBXResourcesBuildPhase;
			buildActionMask = 2147483647;
			files = (
			);
			runOnlyForDeploymentPostprocessing = 0;
		};
/* End PBXResourcesBuildPhase section */

/* Begin PBXSourcesBuildPhase section */
		15ADAD222D9A0F6900011238 /* Sources */ = {
			isa = PBXSourcesBuildPhase;
			buildActionMask = 2147483647;
			files = (
			);
			runOnlyForDeploymentPostprocessing = 0;
		};
		15ADAD3B2D9A0F6B00011238 /* Sources */ = {
			isa = PBXSourcesBuildPhase;
			buildActionMask = 2147483647;
			files = (
			);
			runOnlyForDeploymentPostprocessing = 0;
		};
		15ADAD452D9A0F6B00011238 /* Sources */ = {
			isa = PBXSourcesBuildPhase;
			buildActionMask = 2147483647;
			files = (
			);
			runOnlyForDeploymentPostprocessing = 0;
		};
/* End PBXSourcesBuildPhase section */

/* Begin PBXTargetDependency section */
		15ADAD412D9A0F6B00011238 /* PBXTargetDependency */ = {
			isa = PBXTargetDependency;
			target = 15ADAD252D9A0F6900011238 /* A2_iOS_ Nilam_101456610 */;
			targetProxy = 15ADAD402D9A0F6B00011238 /* PBXContainerItemProxy */;
		};
		15ADAD4B2D9A0F6B00011238 /* PBXTargetDependency */ = {
			isa = PBXTargetDependency;
			target = 15ADAD252D9A0F6900011238 /* A2_iOS_ Nilam_101456610 */;
			targetProxy = 15ADAD4A2D9A0F6B00011238 /* PBXContainerItemProxy */;
		};
/* End PBXTargetDependency section */

/* Begin XCBuildConfiguration section */
		15ADAD532D9A0F6B00011238 /* Debug */ = {
			isa = XCBuildConfiguration;
			buildSettings = {
				ASSETCATALOG_COMPILER_APPICON_NAME = AppIcon;
				ASSETCATALOG_COMPILER_GLOBAL_ACCENT_COLOR_NAME = AccentColor;
				CODE_SIGN_STYLE = Automatic;
				CURRENT_PROJECT_VERSION = 1;
				GENERATE_INFOPLIST_FILE = YES;
				INFOPLIST_FILE = "A2_iOS_ Nilam_101456610/Info.plist";
				INFOPLIST_KEY_UIApplicationSupportsIndirectInputEvents = YES;
				INFOPLIST_KEY_UILaunchStoryboardName = LaunchScreen;
				INFOPLIST_KEY_UIMainStoryboardFile = Main;
				INFOPLIST_KEY_UISupportedInterfaceOrientations_iPad = "UIInterfaceOrientationPortrait UIInterfaceOrientationPortraitUpsideDown UIInterfaceOrientationLandscapeLeft UIInterfaceOrientationLandscapeRight";
				INFOPLIST_KEY_UISupportedInterfaceOrientations_iPhone = "UIInterfaceOrientationPortrait UIInterfaceOrientationLandscapeLeft UIInterfaceOrientationLandscapeRight";
				LD_RUNPATH_SEARCH_PATHS = (
					"$(inherited)",
					"@executable_path/Frameworks",
				);
				MARKETING_VERSION = 1.0;
				PRODUCT_BUNDLE_IDENTIFIER = "-.A2-iOS--Nilam-101456610";
				PRODUCT_NAME = "$(TARGET_NAME)";
				SWIFT_EMIT_LOC_STRINGS = YES;
				SWIFT_VERSION = 5.0;
				TARGETED_DEVICE_FAMILY = "1,2";
			};
			name = Debug;
		};
		15ADAD542D9A0F6B00011238 /* Release */ = {
			isa = XCBuildConfiguration;
			buildSettings = {
				ASSETCATALOG_COMPILER_APPICON_NAME = AppIcon;
				ASSETCATALOG_COMPILER_GLOBAL_ACCENT_COLOR_NAME = AccentColor;
				CODE_SIGN_STYLE = Automatic;
				CURRENT_PROJECT_VERSION = 1;
				GENERATE_INFOPLIST_FILE = YES;
				INFOPLIST_FILE = "A2_iOS_ Nilam_101456610/Info.plist";
				INFOPLIST_KEY_UIApplicationSupportsIndirectInputEvents = YES;
				INFOPLIST_KEY_UILaunchStoryboardName = LaunchScreen;
				INFOPLIST_KEY_UIMainStoryboardFile = Main;
				INFOPLIST_KEY_UISupportedInterfaceOrientations_iPad = "UIInterfaceOrientationPortrait UIInterfaceOrientationPortraitUpsideDown UIInterfaceOrientationLandscapeLeft UIInterfaceOrientationLandscapeRight";
				INFOPLIST_KEY_UISupportedInterfaceOrientations_iPhone = "UIInterfaceOrientationPortrait UIInterfaceOrientationLandscapeLeft UIInterfaceOrientationLandscapeRight";
				LD_RUNPATH_SEARCH_PATHS = (
					"$(inherited)",
					"@executable_path/Frameworks",
				);
				MARKETING_VERSION = 1.0;
				PRODUCT_BUNDLE_IDENTIFIER = "-.A2-iOS--Nilam-101456610";
				PRODUCT_NAME = "$(TARGET_NAME)";
				SWIFT_EMIT_LOC_STRINGS = YES;
				SWIFT_VERSION = 5.0;
				TARGETED_DEVICE_FAMILY = "1,2";
			};
			name = Release;
		};
		15ADAD552D9A0F6B00011238 /* Debug */ = {
			isa = XCBuildConfiguration;
			buildSettings = {
				ALWAYS_SEARCH_USER_PATHS = NO;
				ASSETCATALOG_COMPILER_GENERATE_SWIFT_ASSET_SYMBOL_EXTENSIONS = YES;
				CLANG_ANALYZER_NONNULL = YES;
				CLANG_ANALYZER_NUMBER_OBJECT_CONVERSION = YES_AGGRESSIVE;
				CLANG_CXX_LANGUAGE_STANDARD = "gnu++20";
				CLANG_ENABLE_MODULES = YES;
				CLANG_ENABLE_OBJC_ARC = YES;
				CLANG_ENABLE_OBJC_WEAK = YES;
				CLANG_WARN_BLOCK_CAPTURE_AUTORELEASING = YES;
				CLANG_WARN_BOOL_CONVERSION = YES;
				CLANG_WARN_COMMA = YES;
				CLANG_WARN_CONSTANT_CONVERSION = YES;
				CLANG_WARN_DEPRECATED_OBJC_IMPLEMENTATIONS = YES;
				CLANG_WARN_DIRECT_OBJC_ISA_USAGE = YES_ERROR;
				CLANG_WARN_DOCUMENTATION_COMMENTS = YES;
				CLANG_WARN_EMPTY_BODY = YES;
				CLANG_WARN_ENUM_CONVERSION = YES;
				CLANG_WARN_INFINITE_RECURSION = YES;
				CLANG_WARN_INT_CONVERSION = YES;
				CLANG_WARN_NON_LITERAL_NULL_CONVERSION = YES;
				CLANG_WARN_OBJC_IMPLICIT_RETAIN_SELF = YES;
				CLANG_WARN_OBJC_LITERAL_CONVERSION = YES;
				CLANG_WARN_OBJC_ROOT_CLASS = YES_ERROR;
				CLANG_WARN_QUOTED_INCLUDE_IN_FRAMEWORK_HEADER = YES;
				CLANG_WARN_RANGE_LOOP_ANALYSIS = YES;
				CLANG_WARN_STRICT_PROTOTYPES = YES;
				CLANG_WARN_SUSPICIOUS_MOVE = YES;
				CLANG_WARN_UNGUARDED_AVAILABILITY = YES_AGGRESSIVE;
				CLANG_WARN_UNREACHABLE_CODE = YES;
				CLANG_WARN__DUPLICATE_METHOD_MATCH = YES;
				COPY_PHASE_STRIP = NO;
				DEBUG_INFORMATION_FORMAT = dwarf;
				ENABLE_STRICT_OBJC_MSGSEND = YES;
				ENABLE_TESTABILITY = YES;
				ENABLE_USER_SCRIPT_SANDBOXING = YES;
				GCC_C_LANGUAGE_STANDARD = gnu17;
				GCC_DYNAMIC_NO_PIC = NO;
				GCC_NO_COMMON_BLOCKS = YES;
				GCC_OPTIMIZATION_LEVEL = 0;
				GCC_PREPROCESSOR_DEFINITIONS = (
					"DEBUG=1",
					"$(inherited)",
				);
				GCC_WARN_64_TO_32_BIT_CONVERSION = YES;
				GCC_WARN_ABOUT_RETURN_TYPE = YES_ERROR;
				GCC_WARN_UNDECLARED_SELECTOR = YES;
				GCC_WARN_UNINITIALIZED_AUTOS = YES_AGGRESSIVE;
				GCC_WARN_UNUSED_FUNCTION = YES;
				GCC_WARN_UNUSED_VARIABLE = YES;
				IPHONEOS_DEPLOYMENT_TARGET = 18.2;
				LOCALIZATION_PREFERS_STRING_CATALOGS = YES;
				MTL_ENABLE_DEBUG_INFO = INCLUDE_SOURCE;
				MTL_FAST_MATH = YES;
				ONLY_ACTIVE_ARCH = YES;
				SDKROOT = iphoneos;
				SWIFT_ACTIVE_COMPILATION_CONDITIONS = "DEBUG $(inherited)";
				SWIFT_OPTIMIZATION_LEVEL = "-Onone";
			};
			name = Debug;
		};
		15ADAD562D9A0F6B00011238 /* Release */ = {
			isa = XCBuildConfiguration;
			buildSettings = {
				ALWAYS_SEARCH_USER_PATHS = NO;
				ASSETCATALOG_COMPILER_GENERATE_SWIFT_ASSET_SYMBOL_EXTENSIONS = YES;
				CLANG_ANALYZER_NONNULL = YES;
				CLANG_ANALYZER_NUMBER_OBJECT_CONVERSION = YES_AGGRESSIVE;
				CLANG_CXX_LANGUAGE_STANDARD = "gnu++20";
				CLANG_ENABLE_MODULES = YES;
				CLANG_ENABLE_OBJC_ARC = YES;
				CLANG_ENABLE_OBJC_WEAK = YES;
				CLANG_WARN_BLOCK_CAPTURE_AUTORELEASING = YES;
				CLANG_WARN_BOOL_CONVERSION = YES;
				CLANG_WARN_COMMA = YES;
				CLANG_WARN_CONSTANT_CONVERSION = YES;
				CLANG_WARN_DEPRECATED_OBJC_IMPLEMENTATIONS = YES;
				CLANG_WARN_DIRECT_OBJC_ISA_USAGE = YES_ERROR;
				CLANG_WARN_DOCUMENTATION_COMMENTS = YES;
				CLANG_WARN_EMPTY_BODY = YES;
				CLANG_WARN_ENUM_CONVERSION = YES;
				CLANG_WARN_INFINITE_RECURSION = YES;
				CLANG_WARN_INT_CONVERSION = YES;
				CLANG_WARN_NON_LITERAL_NULL_CONVERSION = YES;
				CLANG_WARN_OBJC_IMPLICIT_RETAIN_SELF = YES;
				CLANG_WARN_OBJC_LITERAL_CONVERSION = YES;
				CLANG_WARN_OBJC_ROOT_CLASS = YES_ERROR;
				CLANG_WARN_QUOTED_INCLUDE_IN_FRAMEWORK_HEADER = YES;
				CLANG_WARN_RANGE_LOOP_ANALYSIS = YES;
				CLANG_WARN_STRICT_PROTOTYPES = YES;
				CLANG_WARN_SUSPICIOUS_MOVE = YES;
				CLANG_WARN_UNGUARDED_AVAILABILITY = YES_AGGRESSIVE;
				CLANG_WARN_UNREACHABLE_CODE = YES;
				CLANG_WARN__DUPLICATE_METHOD_MATCH = YES;
				COPY_PHASE_STRIP = NO;
				DEBUG_INFORMATION_FORMAT = "dwarf-with-dsym";
				ENABLE_NS_ASSERTIONS = NO;
				ENABLE_STRICT_OBJC_MSGSEND = YES;
				ENABLE_USER_SCRIPT_SANDBOXING = YES;
				GCC_C_LANGUAGE_STANDARD = gnu17;
				GCC_NO_COMMON_BLOCKS = YES;
				GCC_WARN_64_TO_32_BIT_CONVERSION = YES;
				GCC_WARN_ABOUT_RETURN_TYPE = YES_ERROR;
				GCC_WARN_UNDECLARED_SELECTOR = YES;
				GCC_WARN_UNINITIALIZED_AUTOS = YES_AGGRESSIVE;
				GCC_WARN_UNUSED_FUNCTION = YES;
				GCC_WARN_UNUSED_VARIABLE = YES;
				IPHONEOS_DEPLOYMENT_TARGET = 18.2;
				LOCALIZATION_PREFERS_STRING_CATALOGS = YES;
				MTL_ENABLE_DEBUG_INFO = NO;
				MTL_FAST_MATH = YES;
				SDKROOT = iphoneos;
				SWIFT_COMPILATION_MODE = wholemodule;
				VALIDATE_PRODUCT = YES;
			};
			name = Release;
		};
		15ADAD582D9A0F6B00011238 /* Debug */ = {
			isa = XCBuildConfiguration;
			buildSettings = {
				BUNDLE_LOADER = "$(TEST_HOST)";
				CODE_SIGN_STYLE = Automatic;
				CURRENT_PROJECT_VERSION = 1;
				GENERATE_INFOPLIST_FILE = YES;
				IPHONEOS_DEPLOYMENT_TARGET = 18.2;
				MARKETING_VERSION = 1.0;
				PRODUCT_BUNDLE_IDENTIFIER = "-.A2-iOS--Nilam-101456610Tests";
				PRODUCT_NAME = "$(TARGET_NAME)";
				SWIFT_EMIT_LOC_STRINGS = NO;
				SWIFT_VERSION = 5.0;
				TARGETED_DEVICE_FAMILY = "1,2";
				TEST_HOST = "$(BUILT_PRODUCTS_DIR)/A2_iOS_ Nilam_101456610.app/$(BUNDLE_EXECUTABLE_FOLDER_PATH)/A2_iOS_ Nilam_101456610";
			};
			name = Debug;
		};
		15ADAD592D9A0F6B00011238 /* Release */ = {
			isa = XCBuildConfiguration;
			buildSettings = {
				BUNDLE_LOADER = "$(TEST_HOST)";
				CODE_SIGN_STYLE = Automatic;
				CURRENT_PROJECT_VERSION = 1;
				GENERATE_INFOPLIST_FILE = YES;
				IPHONEOS_DEPLOYMENT_TARGET = 18.2;
				MARKETING_VERSION = 1.0;
				PRODUCT_BUNDLE_IDENTIFIER = "-.A2-iOS--Nilam-101456610Tests";
				PRODUCT_NAME = "$(TARGET_NAME)";
				SWIFT_EMIT_LOC_STRINGS = NO;
				SWIFT_VERSION = 5.0;
				TARGETED_DEVICE_FAMILY = "1,2";
				TEST_HOST = "$(BUILT_PRODUCTS_DIR)/A2_iOS_ Nilam_101456610.app/$(BUNDLE_EXECUTABLE_FOLDER_PATH)/A2_iOS_ Nilam_101456610";
			};
			name = Release;
		};
		15ADAD5B2D9A0F6B00011238 /* Debug */ = {
			isa = XCBuildConfiguration;
			buildSettings = {
				CODE_SIGN_STYLE = Automatic;
				CURRENT_PROJECT_VERSION = 1;
				GENERATE_INFOPLIST_FILE = YES;
				MARKETING_VERSION = 1.0;
				PRODUCT_BUNDLE_IDENTIFIER = "-.A2-iOS--Nilam-101456610UITests";
				PRODUCT_NAME = "$(TARGET_NAME)";
				SWIFT_EMIT_LOC_STRINGS = NO;
				SWIFT_VERSION = 5.0;
				TARGETED_DEVICE_FAMILY = "1,2";
				TEST_TARGET_NAME = "A2_iOS_ Nilam_101456610";
			};
			name = Debug;
		};
		15ADAD5C2D9A0F6B00011238 /* Release */ = {
			isa = XCBuildConfiguration;
			buildSettings = {
				CODE_SIGN_STYLE = Automatic;
				CURRENT_PROJECT_VERSION = 1;
				GENERATE_INFOPLIST_FILE = YES;
				MARKETING_VERSION = 1.0;
				PRODUCT_BUNDLE_IDENTIFIER = "-.A2-iOS--Nilam-101456610UITests";
				PRODUCT_NAME = "$(TARGET_NAME)";
				SWIFT_EMIT_LOC_STRINGS = NO;
				SWIFT_VERSION = 5.0;
				TARGETED_DEVICE_FAMILY = "1,2";
				TEST_TARGET_NAME = "A2_iOS_ Nilam_101456610";
			};
			name = Release;
		};
/* End XCBuildConfiguration section */

/* Begin XCConfigurationList section */
		15ADAD212D9A0F6900011238 /* Build configuration list for PBXProject "A2_iOS_ Nilam_101456610" */ = {
			isa = XCConfigurationList;
			buildConfigurations = (
				15ADAD552D9A0F6B00011238 /* Debug */,
				15ADAD562D9A0F6B00011238 /* Release */,
			);
			defaultConfigurationIsVisible = 0;
			defaultConfigurationName = Release;
		};
		15ADAD522D9A0F6B00011238 /* Build configuration list for PBXNativeTarget "A2_iOS_ Nilam_101456610" */ = {
			isa = XCConfigurationList;
			buildConfigurations = (
				15ADAD532D9A0F6B00011238 /* Debug */,
				15ADAD542D9A0F6B00011238 /* Release */,
			);
			defaultConfigurationIsVisible = 0;
			defaultConfigurationName = Release;
		};
		15ADAD572D9A0F6B00011238 /* Build configuration list for PBXNativeTarget "A2_iOS_ Nilam_101456610Tests" */ = {
			isa = XCConfigurationList;
			buildConfigurations = (
				15ADAD582D9A0F6B00011238 /* Debug */,
				15ADAD592D9A0F6B00011238 /* Release */,
			);
			defaultConfigurationIsVisible = 0;
			defaultConfigurationName = Release;
		};
		15ADAD5A2D9A0F6B00011238 /* Build configuration list for PBXNativeTarget "A2_iOS_ Nilam_101456610UITests" */ = {
			isa = XCConfigurationList;
			buildConfigurations = (
				15ADAD5B2D9A0F6B00011238 /* Debug */,
				15ADAD5C2D9A0F6B00011238 /* Release */,
			);
			defaultConfigurationIsVisible = 0;
			defaultConfigurationName = Release;
		};
/* End XCConfigurationList section */
	};
	rootObject = 15ADAD1E2D9A0F6900011238 /* Project object */;
}
